oss_contract:
  repo: https://github.com/jho951/oss-contract.git
  ref: master
  commit: e882d4d9e371c85bf7c60ea1779c6eed5b715274

service:
  name: platform-security
  branch: main
  layer: layer2
  role: runtime-platform

standards:
  registry:
    - registry/layer2/README.md
    - registry/layer2/standards/platform-security.md
  structure:
    - registry/layer2/structure/build-gradle.md
    - registry/layer2/structure/settings-gradle.md
    - registry/layer2/structure/gradle-properties.md
  operations:
    - registry/layer2/operations/ci-cd.md
    - registry/layer2/operations/publish.md
    - registry/layer2/operations/checklist.md
  repository_state:
    - repositories/layer2/platform-security/README.md

validation:
  docs_structure: true
  gradle_structure: true
  publish_structure: true
  ci_cd: true
  repository_tree: true

notes:
  owner: platform-security
  automation_level: guardrail
